{
    "_readme": [
        "This file locks the dependencies of your project to a known state",
        "Read more about it at https://getcomposer.org/doc/01-basic-usage.md#installing-dependencies",
        "This file is @generated automatically"
    ],
    "content-hash": "df2436e8780233d817ae82fb681e866e",
    "packages": [],
    "packages-dev": [
        {
            "name": "Dogfalo/materialize",
            "version": "1.0.0",
            "dist": {
                "type": "zip",
                "url": "https://github.com/Dogfalo/materialize/releases/download/1.0.0/materialize-v1.0.0.zip",
                "reference": null,
                "shasum": null
            },
            "type": "library"
        }
    ],
    "aliases": [],
    "minimum-stability": "stable",
    "stability-flags": [],
    "prefer-stable": false,
    "prefer-lowest": false,
    "platform": [],
    "platform-dev": []
}
